
Microsoft Visual Studio Solution File, Format Version 12.00
# Visual Studio Version 17
VisualStudioVersion = 17.0.32014.148
MinimumVisualStudioVersion = 10.0.40219.1
Project("{FAE04EC0-301F-11D3-BF4B-00C04F79EFBC}") = "FactoryPatternExercise", "FactoryPatternExercise\FactoryPatternExercise.csproj", "{CE3BB673-4357-4E86-B687-055D4535B546}"
EndProject
Global
	GlobalSection(SolutionConfigurationPlatforms) = preSolution
		Debug|Any CPU = Debug|Any CPU
		Release|Any CPU = Release|Any CPU
	EndGlobalSection
	GlobalSection(ProjectConfigurationPlatforms) = postSolution
		{CE3BB673-4357-4E86-B687-055D4535B546}.Debug|Any CPU.ActiveCfg = Debug|Any CPU
		{CE3BB673-4357-4E86-B687-055D4535B546}.Debug|Any CPU.Build.0 = Debug|Any CPU
		{CE3BB673-4357-4E86-B687-055D4535B546}.Release|Any CPU.ActiveCfg = Release|Any CPU
		{CE3BB673-4357-4E86-B687-055D4535B546}.Release|Any CPU.Build.0 = Release|Any CPU
	EndGlobalSection
	GlobalSection(SolutionProperties) = preSolution
		HideSolutionNode = FALSE
	EndGlobalSection
	GlobalSection(ExtensibilityGlobals) = postSolution
		SolutionGuid = {6D3C2AFC-20F3-4DD7-88AD-3C256A192BB8}
	EndGlobalSection
EndGlobal
